
Microsoft Visual Studio Solution File, Format Version 12.00
# Visual Studio 15
VisualStudioVersion = 15.0.26228.9
MinimumVisualStudioVersion = 10.0.40219.1
Project("{2150E333-8FDC-42A3-9474-1A3956D46DE8}") = "core", "core", "{5D07041A-80E6-494B-875B-1888BB587B74}"
EndProject
Project("{FAE04EC0-301F-11D3-BF4B-00C04F79EFBC}") = "host", "host\host.csproj", "{619E73BA-6B25-4224-90E2-D67EFD41E9B1}"
EndProject
Project("{FAE04EC0-301F-11D3-BF4B-00C04F79EFBC}") = "host.core", "core\host.core\host.core.csproj", "{5E52888A-6B70-4F26-B94D-26F676B16148}"
EndProject
Project("{2150E333-8FDC-42A3-9474-1A3956D46DE8}") = "db", "db", "{95F6317F-E24A-4779-B6E0-EB1E79067022}"
EndProject
Project("{2150E333-8FDC-42A3-9474-1A3956D46DE8}") = "lib", "lib", "{67B6C319-144D-4A43-9F8C-1D627EF4EE53}"
EndProject
Project("{2150E333-8FDC-42A3-9474-1A3956D46DE8}") = "contract", "contract", "{DC71D070-317F-4E6A-8106-4B444D877B47}"
EndProject
Project("{2150E333-8FDC-42A3-9474-1A3956D46DE8}") = "test", "test", "{EA9EBAA2-0B25-42B4-8436-C2AD73849D3F}"
EndProject
Project("{2150E333-8FDC-42A3-9474-1A3956D46DE8}") = "util", "util", "{F5DD3F92-117B-4C2F-8CF3-D5AE8FED158C}"
EndProject
Project("{2150E333-8FDC-42A3-9474-1A3956D46DE8}") = "app", "app", "{305897D1-E12B-4F05-A0B0-009430608B9B}"
EndProject
Project("{2150E333-8FDC-42A3-9474-1A3956D46DE8}") = "tool", "tool", "{233BB1B1-F078-42A4-8A80-AC373E171678}"
EndProject
Project("{2150E333-8FDC-42A3-9474-1A3956D46DE8}") = "common", "common", "{0FA43356-7C94-492E-A601-90BD30C6106F}"
EndProject
Project("{00D1A9C2-B5F0-4AF3-8072-F6C62B433612}") = "db", "db\db\db.sqlproj", "{284FB18C-9FF8-49D7-91D3-4E40889E4996}"
EndProject
Project("{2150E333-8FDC-42A3-9474-1A3956D46DE8}") = "docs", "docs", "{2DD6C3E0-D959-4032-9E34-D1A39D7781CF}"
EndProject
Project("{2150E333-8FDC-42A3-9474-1A3956D46DE8}") = "concept", "concept", "{B94F5589-EBC5-490A-9ADC-F19C15FCAB7F}"
	ProjectSection(SolutionItems) = preProject
		docs\concept\Размещение_рекламного_блока_вебмастером.pdf = docs\concept\Размещение_рекламного_блока_вебмастером.pdf
		docs\concept\Создание РК.pdf = docs\concept\Создание РК.pdf
		docs\concept\Сущности.pdf = docs\concept\Сущности.pdf
	EndProjectSection
EndProject
Project("{2150E333-8FDC-42A3-9474-1A3956D46DE8}") = "model", "model", "{67D53454-013E-4402-80A5-1ADBFE409C8B}"
EndProject
Project("{FAE04EC0-301F-11D3-BF4B-00C04F79EFBC}") = "datamodel", "model\datamodel\datamodel.csproj", "{64ADB746-7830-4E3F-B8C2-FF035C15FD9B}"
EndProject
Project("{9092AA53-FB77-4645-B42D-1CCCA6BD08BD}") = "adspot.test", "test\adspot.test\adspot.test.njsproj", "{6416DCBA-C265-44F9-A4D2-5F571475B104}"
EndProject
Global
	GlobalSection(SolutionConfigurationPlatforms) = preSolution
		Debug|Any CPU = Debug|Any CPU
		Release|Any CPU = Release|Any CPU
	EndGlobalSection
	GlobalSection(ProjectConfigurationPlatforms) = postSolution
		{619E73BA-6B25-4224-90E2-D67EFD41E9B1}.Debug|Any CPU.ActiveCfg = Debug|Any CPU
		{619E73BA-6B25-4224-90E2-D67EFD41E9B1}.Debug|Any CPU.Build.0 = Debug|Any CPU
		{619E73BA-6B25-4224-90E2-D67EFD41E9B1}.Release|Any CPU.ActiveCfg = Release|Any CPU
		{619E73BA-6B25-4224-90E2-D67EFD41E9B1}.Release|Any CPU.Build.0 = Release|Any CPU
		{5E52888A-6B70-4F26-B94D-26F676B16148}.Debug|Any CPU.ActiveCfg = Debug|Any CPU
		{5E52888A-6B70-4F26-B94D-26F676B16148}.Debug|Any CPU.Build.0 = Debug|Any CPU
		{5E52888A-6B70-4F26-B94D-26F676B16148}.Release|Any CPU.ActiveCfg = Release|Any CPU
		{5E52888A-6B70-4F26-B94D-26F676B16148}.Release|Any CPU.Build.0 = Release|Any CPU
		{284FB18C-9FF8-49D7-91D3-4E40889E4996}.Debug|Any CPU.ActiveCfg = Debug|Any CPU
		{284FB18C-9FF8-49D7-91D3-4E40889E4996}.Debug|Any CPU.Build.0 = Debug|Any CPU
		{284FB18C-9FF8-49D7-91D3-4E40889E4996}.Debug|Any CPU.Deploy.0 = Debug|Any CPU
		{284FB18C-9FF8-49D7-91D3-4E40889E4996}.Release|Any CPU.ActiveCfg = Release|Any CPU
		{284FB18C-9FF8-49D7-91D3-4E40889E4996}.Release|Any CPU.Build.0 = Release|Any CPU
		{284FB18C-9FF8-49D7-91D3-4E40889E4996}.Release|Any CPU.Deploy.0 = Release|Any CPU
		{64ADB746-7830-4E3F-B8C2-FF035C15FD9B}.Debug|Any CPU.ActiveCfg = Debug|Any CPU
		{64ADB746-7830-4E3F-B8C2-FF035C15FD9B}.Debug|Any CPU.Build.0 = Debug|Any CPU
		{64ADB746-7830-4E3F-B8C2-FF035C15FD9B}.Release|Any CPU.ActiveCfg = Release|Any CPU
		{64ADB746-7830-4E3F-B8C2-FF035C15FD9B}.Release|Any CPU.Build.0 = Release|Any CPU
		{6416DCBA-C265-44F9-A4D2-5F571475B104}.Debug|Any CPU.ActiveCfg = Debug|Any CPU
		{6416DCBA-C265-44F9-A4D2-5F571475B104}.Debug|Any CPU.Build.0 = Debug|Any CPU
		{6416DCBA-C265-44F9-A4D2-5F571475B104}.Release|Any CPU.ActiveCfg = Release|Any CPU
		{6416DCBA-C265-44F9-A4D2-5F571475B104}.Release|Any CPU.Build.0 = Release|Any CPU
	EndGlobalSection
	GlobalSection(SolutionProperties) = preSolution
		HideSolutionNode = FALSE
	EndGlobalSection
	GlobalSection(NestedProjects) = preSolution
		{5E52888A-6B70-4F26-B94D-26F676B16148} = {5D07041A-80E6-494B-875B-1888BB587B74}
		{284FB18C-9FF8-49D7-91D3-4E40889E4996} = {95F6317F-E24A-4779-B6E0-EB1E79067022}
		{B94F5589-EBC5-490A-9ADC-F19C15FCAB7F} = {2DD6C3E0-D959-4032-9E34-D1A39D7781CF}
		{64ADB746-7830-4E3F-B8C2-FF035C15FD9B} = {67D53454-013E-4402-80A5-1ADBFE409C8B}
		{6416DCBA-C265-44F9-A4D2-5F571475B104} = {EA9EBAA2-0B25-42B4-8436-C2AD73849D3F}
	EndGlobalSection
EndGlobal
